
Microsoft Visual Studio Solution File, Format Version 11.00
# Visual Studio 2010
Project("{FAE04EC0-301F-11D3-BF4B-00C04F79EFBC}") = "OldGame", "NetHack\OldGame.csproj", "{81D327D3-3E58-40B2-98DC-FFA793F786C8}"
EndProject
Project("{FAE04EC0-301F-11D3-BF4B-00C04F79EFBC}") = "PokePlanet", "PokePlanet\PokePlanet\PokePlanet.csproj", "{4B154E26-89AF-4774-B2BE-48AF528FD9D2}"
EndProject
Project("{96E2B04D-8817-42C6-938A-82C39BA4D311}") = "PokePlanetContent", "PokePlanet\PokePlanetContent\PokePlanetContent.contentproj", "{94034075-37B8-4EEE-AA95-95EAEC42A0AE}"
EndProject
Global
	GlobalSection(SolutionConfigurationPlatforms) = preSolution
		Android|Any CPU = Android|Any CPU
		Android|Mixed Platforms = Android|Mixed Platforms
		Android|x86 = Android|x86
		Debug|Any CPU = Debug|Any CPU
		Debug|Mixed Platforms = Debug|Mixed Platforms
		Debug|x86 = Debug|x86
		iOS|Any CPU = iOS|Any CPU
		iOS|Mixed Platforms = iOS|Mixed Platforms
		iOS|x86 = iOS|x86
		Linux|Any CPU = Linux|Any CPU
		Linux|Mixed Platforms = Linux|Mixed Platforms
		Linux|x86 = Linux|x86
		OSX|Any CPU = OSX|Any CPU
		OSX|Mixed Platforms = OSX|Mixed Platforms
		OSX|x86 = OSX|x86
		PSM|Any CPU = PSM|Any CPU
		PSM|Mixed Platforms = PSM|Mixed Platforms
		PSM|x86 = PSM|x86
		Release|Any CPU = Release|Any CPU
		Release|Mixed Platforms = Release|Mixed Platforms
		Release|x86 = Release|x86
		Windows|Any CPU = Windows|Any CPU
		Windows|Mixed Platforms = Windows|Mixed Platforms
		Windows|x86 = Windows|x86
		Windows8|Any CPU = Windows8|Any CPU
		Windows8|Mixed Platforms = Windows8|Mixed Platforms
		Windows8|x86 = Windows8|x86
	EndGlobalSection
	GlobalSection(ProjectConfigurationPlatforms) = postSolution
		{81D327D3-3E58-40B2-98DC-FFA793F786C8}.Android|Any CPU.ActiveCfg = Release|x86
		{81D327D3-3E58-40B2-98DC-FFA793F786C8}.Android|Mixed Platforms.ActiveCfg = Release|x86
		{81D327D3-3E58-40B2-98DC-FFA793F786C8}.Android|Mixed Platforms.Build.0 = Release|x86
		{81D327D3-3E58-40B2-98DC-FFA793F786C8}.Android|x86.ActiveCfg = Release|x86
		{81D327D3-3E58-40B2-98DC-FFA793F786C8}.Android|x86.Build.0 = Release|x86
		{81D327D3-3E58-40B2-98DC-FFA793F786C8}.Debug|Any CPU.ActiveCfg = Debug|x86
		{81D327D3-3E58-40B2-98DC-FFA793F786C8}.Debug|Mixed Platforms.ActiveCfg = Debug|x86
		{81D327D3-3E58-40B2-98DC-FFA793F786C8}.Debug|Mixed Platforms.Build.0 = Debug|x86
		{81D327D3-3E58-40B2-98DC-FFA793F786C8}.Debug|x86.ActiveCfg = Debug|x86
		{81D327D3-3E58-40B2-98DC-FFA793F786C8}.Debug|x86.Build.0 = Debug|x86
		{81D327D3-3E58-40B2-98DC-FFA793F786C8}.iOS|Any CPU.ActiveCfg = Release|x86
		{81D327D3-3E58-40B2-98DC-FFA793F786C8}.iOS|Mixed Platforms.ActiveCfg = Release|x86
		{81D327D3-3E58-40B2-98DC-FFA793F786C8}.iOS|Mixed Platforms.Build.0 = Release|x86
		{81D327D3-3E58-40B2-98DC-FFA793F786C8}.iOS|x86.ActiveCfg = Release|x86
		{81D327D3-3E58-40B2-98DC-FFA793F786C8}.iOS|x86.Build.0 = Release|x86
		{81D327D3-3E58-40B2-98DC-FFA793F786C8}.Linux|Any CPU.ActiveCfg = Release|x86
		{81D327D3-3E58-40B2-98DC-FFA793F786C8}.Linux|Mixed Platforms.ActiveCfg = Release|x86
		{81D327D3-3E58-40B2-98DC-FFA793F786C8}.Linux|Mixed Platforms.Build.0 = Release|x86
		{81D327D3-3E58-40B2-98DC-FFA793F786C8}.Linux|x86.ActiveCfg = Release|x86
		{81D327D3-3E58-40B2-98DC-FFA793F786C8}.Linux|x86.Build.0 = Release|x86
		{81D327D3-3E58-40B2-98DC-FFA793F786C8}.OSX|Any CPU.ActiveCfg = Release|x86
		{81D327D3-3E58-40B2-98DC-FFA793F786C8}.OSX|Mixed Platforms.ActiveCfg = Release|x86
		{81D327D3-3E58-40B2-98DC-FFA793F786C8}.OSX|Mixed Platforms.Build.0 = Release|x86
		{81D327D3-3E58-40B2-98DC-FFA793F786C8}.OSX|x86.ActiveCfg = Release|x86
		{81D327D3-3E58-40B2-98DC-FFA793F786C8}.OSX|x86.Build.0 = Release|x86
		{81D327D3-3E58-40B2-98DC-FFA793F786C8}.PSM|Any CPU.ActiveCfg = Release|x86
		{81D327D3-3E58-40B2-98DC-FFA793F786C8}.PSM|Mixed Platforms.ActiveCfg = Release|x86
		{81D327D3-3E58-40B2-98DC-FFA793F786C8}.PSM|Mixed Platforms.Build.0 = Release|x86
		{81D327D3-3E58-40B2-98DC-FFA793F786C8}.PSM|x86.ActiveCfg = Release|x86
		{81D327D3-3E58-40B2-98DC-FFA793F786C8}.PSM|x86.Build.0 = Release|x86
		{81D327D3-3E58-40B2-98DC-FFA793F786C8}.Release|Any CPU.ActiveCfg = Release|x86
		{81D327D3-3E58-40B2-98DC-FFA793F786C8}.Release|Mixed Platforms.ActiveCfg = Release|x86
		{81D327D3-3E58-40B2-98DC-FFA793F786C8}.Release|Mixed Platforms.Build.0 = Release|x86
		{81D327D3-3E58-40B2-98DC-FFA793F786C8}.Release|x86.ActiveCfg = Release|x86
		{81D327D3-3E58-40B2-98DC-FFA793F786C8}.Release|x86.Build.0 = Release|x86
		{81D327D3-3E58-40B2-98DC-FFA793F786C8}.Windows|Any CPU.ActiveCfg = Release|x86
		{81D327D3-3E58-40B2-98DC-FFA793F786C8}.Windows|Mixed Platforms.ActiveCfg = Release|x86
		{81D327D3-3E58-40B2-98DC-FFA793F786C8}.Windows|Mixed Platforms.Build.0 = Release|x86
		{81D327D3-3E58-40B2-98DC-FFA793F786C8}.Windows|x86.ActiveCfg = Release|x86
		{81D327D3-3E58-40B2-98DC-FFA793F786C8}.Windows|x86.Build.0 = Release|x86
		{81D327D3-3E58-40B2-98DC-FFA793F786C8}.Windows8|Any CPU.ActiveCfg = Release|x86
		{81D327D3-3E58-40B2-98DC-FFA793F786C8}.Windows8|Mixed Platforms.ActiveCfg = Release|x86
		{81D327D3-3E58-40B2-98DC-FFA793F786C8}.Windows8|Mixed Platforms.Build.0 = Release|x86
		{81D327D3-3E58-40B2-98DC-FFA793F786C8}.Windows8|x86.ActiveCfg = Release|x86
		{81D327D3-3E58-40B2-98DC-FFA793F786C8}.Windows8|x86.Build.0 = Release|x86
		{4B154E26-89AF-4774-B2BE-48AF528FD9D2}.Android|Any CPU.ActiveCfg = Release|x86
		{4B154E26-89AF-4774-B2BE-48AF528FD9D2}.Android|Mixed Platforms.ActiveCfg = Release|x86
		{4B154E26-89AF-4774-B2BE-48AF528FD9D2}.Android|Mixed Platforms.Build.0 = Release|x86
		{4B154E26-89AF-4774-B2BE-48AF528FD9D2}.Android|x86.ActiveCfg = Release|x86
		{4B154E26-89AF-4774-B2BE-48AF528FD9D2}.Android|x86.Build.0 = Release|x86
		{4B154E26-89AF-4774-B2BE-48AF528FD9D2}.Debug|Any CPU.ActiveCfg = Debug|x86
		{4B154E26-89AF-4774-B2BE-48AF528FD9D2}.Debug|Mixed Platforms.ActiveCfg = Debug|x86
		{4B154E26-89AF-4774-B2BE-48AF528FD9D2}.Debug|Mixed Platforms.Build.0 = Debug|x86
		{4B154E26-89AF-4774-B2BE-48AF528FD9D2}.Debug|x86.ActiveCfg = Debug|x86
		{4B154E26-89AF-4774-B2BE-48AF528FD9D2}.Debug|x86.Build.0 = Debug|x86
		{4B154E26-89AF-4774-B2BE-48AF528FD9D2}.iOS|Any CPU.ActiveCfg = Release|x86
		{4B154E26-89AF-4774-B2BE-48AF528FD9D2}.iOS|Mixed Platforms.ActiveCfg = Release|x86
		{4B154E26-89AF-4774-B2BE-48AF528FD9D2}.iOS|Mixed Platforms.Build.0 = Release|x86
		{4B154E26-89AF-4774-B2BE-48AF528FD9D2}.iOS|x86.ActiveCfg = Release|x86
		{4B154E26-89AF-4774-B2BE-48AF528FD9D2}.iOS|x86.Build.0 = Release|x86
		{4B154E26-89AF-4774-B2BE-48AF528FD9D2}.Linux|Any CPU.ActiveCfg = Release|x86
		{4B154E26-89AF-4774-B2BE-48AF528FD9D2}.Linux|Mixed Platforms.ActiveCfg = Release|x86
		{4B154E26-89AF-4774-B2BE-48AF528FD9D2}.Linux|Mixed Platforms.Build.0 = Release|x86
		{4B154E26-89AF-4774-B2BE-48AF528FD9D2}.Linux|x86.ActiveCfg = Release|x86
		{4B154E26-89AF-4774-B2BE-48AF528FD9D2}.Linux|x86.Build.0 = Release|x86
		{4B154E26-89AF-4774-B2BE-48AF528FD9D2}.OSX|Any CPU.ActiveCfg = Release|x86
		{4B154E26-89AF-4774-B2BE-48AF528FD9D2}.OSX|Mixed Platforms.ActiveCfg = Release|x86
		{4B154E26-89AF-4774-B2BE-48AF528FD9D2}.OSX|Mixed Platforms.Build.0 = Release|x86
		{4B154E26-89AF-4774-B2BE-48AF528FD9D2}.OSX|x86.ActiveCfg = Release|x86
		{4B154E26-89AF-4774-B2BE-48AF528FD9D2}.OSX|x86.Build.0 = Release|x86
		{4B154E26-89AF-4774-B2BE-48AF528FD9D2}.PSM|Any CPU.ActiveCfg = Release|x86
		{4B154E26-89AF-4774-B2BE-48AF528FD9D2}.PSM|Mixed Platforms.ActiveCfg = Release|x86
		{4B154E26-89AF-4774-B2BE-48AF528FD9D2}.PSM|Mixed Platforms.Build.0 = Release|x86
		{4B154E26-89AF-4774-B2BE-48AF528FD9D2}.PSM|x86.ActiveCfg = Release|x86
		{4B154E26-89AF-4774-B2BE-48AF528FD9D2}.PSM|x86.Build.0 = Release|x86
		{4B154E26-89AF-4774-B2BE-48AF528FD9D2}.Release|Any CPU.ActiveCfg = Release|x86
		{4B154E26-89AF-4774-B2BE-48AF528FD9D2}.Release|Mixed Platforms.ActiveCfg = Release|x86
		{4B154E26-89AF-4774-B2BE-48AF528FD9D2}.Release|Mixed Platforms.Build.0 = Release|x86
		{4B154E26-89AF-4774-B2BE-48AF528FD9D2}.Release|x86.ActiveCfg = Release|x86
		{4B154E26-89AF-4774-B2BE-48AF528FD9D2}.Release|x86.Build.0 = Release|x86
		{4B154E26-89AF-4774-B2BE-48AF528FD9D2}.Windows|Any CPU.ActiveCfg = Release|x86
		{4B154E26-89AF-4774-B2BE-48AF528FD9D2}.Windows|Mixed Platforms.ActiveCfg = Release|x86
		{4B154E26-89AF-4774-B2BE-48AF528FD9D2}.Windows|Mixed Platforms.Build.0 = Release|x86
		{4B154E26-89AF-4774-B2BE-48AF528FD9D2}.Windows|x86.ActiveCfg = Release|x86
		{4B154E26-89AF-4774-B2BE-48AF528FD9D2}.Windows|x86.Build.0 = Release|x86
		{4B154E26-89AF-4774-B2BE-48AF528FD9D2}.Windows8|Any CPU.ActiveCfg = Release|x86
		{4B154E26-89AF-4774-B2BE-48AF528FD9D2}.Windows8|Mixed Platforms.ActiveCfg = Release|x86
		{4B154E26-89AF-4774-B2BE-48AF528FD9D2}.Windows8|Mixed Platforms.Build.0 = Release|x86
		{4B154E26-89AF-4774-B2BE-48AF528FD9D2}.Windows8|x86.ActiveCfg = Release|x86
		{4B154E26-89AF-4774-B2BE-48AF528FD9D2}.Windows8|x86.Build.0 = Release|x86
		{94034075-37B8-4EEE-AA95-95EAEC42A0AE}.Android|Any CPU.ActiveCfg = Release|x86
		{94034075-37B8-4EEE-AA95-95EAEC42A0AE}.Android|Mixed Platforms.ActiveCfg = Release|x86
		{94034075-37B8-4EEE-AA95-95EAEC42A0AE}.Android|x86.ActiveCfg = Release|x86
		{94034075-37B8-4EEE-AA95-95EAEC42A0AE}.Debug|Any CPU.ActiveCfg = Debug|x86
		{94034075-37B8-4EEE-AA95-95EAEC42A0AE}.Debug|Mixed Platforms.ActiveCfg = Debug|x86
		{94034075-37B8-4EEE-AA95-95EAEC42A0AE}.Debug|x86.ActiveCfg = Debug|x86
		{94034075-37B8-4EEE-AA95-95EAEC42A0AE}.iOS|Any CPU.ActiveCfg = Release|x86
		{94034075-37B8-4EEE-AA95-95EAEC42A0AE}.iOS|Mixed Platforms.ActiveCfg = Release|x86
		{94034075-37B8-4EEE-AA95-95EAEC42A0AE}.iOS|x86.ActiveCfg = Release|x86
		{94034075-37B8-4EEE-AA95-95EAEC42A0AE}.Linux|Any CPU.ActiveCfg = Release|x86
		{94034075-37B8-4EEE-AA95-95EAEC42A0AE}.Linux|Mixed Platforms.ActiveCfg = Release|x86
		{94034075-37B8-4EEE-AA95-95EAEC42A0AE}.Linux|x86.ActiveCfg = Release|x86
		{94034075-37B8-4EEE-AA95-95EAEC42A0AE}.OSX|Any CPU.ActiveCfg = Release|x86
		{94034075-37B8-4EEE-AA95-95EAEC42A0AE}.OSX|Mixed Platforms.ActiveCfg = Release|x86
		{94034075-37B8-4EEE-AA95-95EAEC42A0AE}.OSX|x86.ActiveCfg = Release|x86
		{94034075-37B8-4EEE-AA95-95EAEC42A0AE}.PSM|Any CPU.ActiveCfg = Release|x86
		{94034075-37B8-4EEE-AA95-95EAEC42A0AE}.PSM|Mixed Platforms.ActiveCfg = Release|x86
		{94034075-37B8-4EEE-AA95-95EAEC42A0AE}.PSM|x86.ActiveCfg = Release|x86
		{94034075-37B8-4EEE-AA95-95EAEC42A0AE}.Release|Any CPU.ActiveCfg = Release|x86
		{94034075-37B8-4EEE-AA95-95EAEC42A0AE}.Release|Mixed Platforms.ActiveCfg = Release|x86
		{94034075-37B8-4EEE-AA95-95EAEC42A0AE}.Release|x86.ActiveCfg = Release|x86
		{94034075-37B8-4EEE-AA95-95EAEC42A0AE}.Windows|Any CPU.ActiveCfg = Release|x86
		{94034075-37B8-4EEE-AA95-95EAEC42A0AE}.Windows|Mixed Platforms.ActiveCfg = Release|x86
		{94034075-37B8-4EEE-AA95-95EAEC42A0AE}.Windows|x86.ActiveCfg = Release|x86
		{94034075-37B8-4EEE-AA95-95EAEC42A0AE}.Windows8|Any CPU.ActiveCfg = Release|x86
		{94034075-37B8-4EEE-AA95-95EAEC42A0AE}.Windows8|Mixed Platforms.ActiveCfg = Release|x86
		{94034075-37B8-4EEE-AA95-95EAEC42A0AE}.Windows8|x86.ActiveCfg = Release|x86
	EndGlobalSection
	GlobalSection(SolutionProperties) = preSolution
		HideSolutionNode = FALSE
	EndGlobalSection
EndGlobal
